
Microsoft Visual Studio Solution File, Format Version 12.00
# Visual Studio Version 17
VisualStudioVersion = 17.8.34322.80
MinimumVisualStudioVersion = 10.0.40219.1
Project("{FAE04EC0-301F-11D3-BF4B-00C04F79EFBC}") = "TuyaFinishedSDKDemo", "TuyaFinishedSDKDemo\TuyaFinishedSDKDemo.csproj", "{DBCBBD81-77EB-4DB1-B0C8-5981A9F9DC1F}"
EndProject
Project("{2150E333-8FDC-42A3-9474-1A3956D46DE8}") = "TuyaFinishedSDK", "TuyaFinishedSDK", "{359D6B40-775D-44C2-A2C2-310500B140ED}"
EndProject
Project("{FAE04EC0-301F-11D3-BF4B-00C04F79EFBC}") = "TuyaFinished_SDK", "TuyaFinished_SDK\TuyaFinished_SDK.csproj", "{D0003FA1-44E5-4661-9A2C-ACDFC5571B2A}"
EndProject
Global
	GlobalSection(SolutionConfigurationPlatforms) = preSolution
		Debug|Any CPU = Debug|Any CPU
		Release|Any CPU = Release|Any CPU
	EndGlobalSection
	GlobalSection(ProjectConfigurationPlatforms) = postSolution
		{DBCBBD81-77EB-4DB1-B0C8-5981A9F9DC1F}.Debug|Any CPU.ActiveCfg = Debug|Any CPU
		{DBCBBD81-77EB-4DB1-B0C8-5981A9F9DC1F}.Debug|Any CPU.Build.0 = Debug|Any CPU
		{DBCBBD81-77EB-4DB1-B0C8-5981A9F9DC1F}.Release|Any CPU.ActiveCfg = Release|Any CPU
		{DBCBBD81-77EB-4DB1-B0C8-5981A9F9DC1F}.Release|Any CPU.Build.0 = Release|Any CPU
		{D0003FA1-44E5-4661-9A2C-ACDFC5571B2A}.Debug|Any CPU.ActiveCfg = Debug|Any CPU
		{D0003FA1-44E5-4661-9A2C-ACDFC5571B2A}.Debug|Any CPU.Build.0 = Debug|Any CPU
		{D0003FA1-44E5-4661-9A2C-ACDFC5571B2A}.Release|Any CPU.ActiveCfg = Release|Any CPU
		{D0003FA1-44E5-4661-9A2C-ACDFC5571B2A}.Release|Any CPU.Build.0 = Release|Any CPU
	EndGlobalSection
	GlobalSection(SolutionProperties) = preSolution
		HideSolutionNode = FALSE
	EndGlobalSection
	GlobalSection(NestedProjects) = preSolution
		{D0003FA1-44E5-4661-9A2C-ACDFC5571B2A} = {359D6B40-775D-44C2-A2C2-310500B140ED}
	EndGlobalSection
	GlobalSection(ExtensibilityGlobals) = postSolution
		SolutionGuid = {33650940-1846-425B-9A14-399FDF46844C}
	EndGlobalSection
EndGlobal
